// !$*UTF8*$!
{
	archiveVersion = 1;
	classes = {
	};
	objectVersion = 56;
	objects = {

/* Begin PBXBuildFile section */
		0A1B2C3D4E5F001122334401 /* AcornApp.swift in Sources */ = {isa = PBXBuildFile; fileRef = 0A1B2C3D4E5F001122334301 /* AcornApp.swift */; };
		0A1B2C3D4E5F001122334402 /* ContentView.swift in Sources */ = {isa = PBXBuildFile; fileRef = 0A1B2C3D4E5F001122334302 /* ContentView.swift */; };
		0A1B2C3D4E5F001122334403 /* HomeView.swift in Sources */ = {isa = PBXBuildFile; fileRef = 0A1B2C3D4E5F001122334303 /* HomeView.swift */; };
		0A1B2C3D4E5F001122334404 /* DiscoverView.swift in Sources */ = {isa = PBXBuildFile; fileRef = 0A1B2C3D4E5F001122334304 /* DiscoverView.swift */; };
		0A1B2C3D4E5F001122334405 /* SettingsView.swift in Sources */ = {isa = PBXBuildFile; fileRef = 0A1B2C3D4E5F001122334305 /* SettingsView.swift */; };
		0A1B2C3D4E5F001122334406 /* HeaderView.swift in Sources */ = {isa = PBXBuildFile; fileRef = 0A1B2C3D4E5F001122334306 /* HeaderView.swift */; };
		0A1B2C3D4E5F001122334407 /* AppModel.swift in Sources */ = {isa = PBXBuildFile; fileRef = 0A1B2C3D4E5F001122334307 /* AppModel.swift */; };
		0A1B2C3D4E5F001122334408 /* AppStatus.swift in Sources */ = {isa = PBXBuildFile; fileRef = 0A1B2C3D4E5F001122334308 /* AppStatus.swift */; };
		0A1B2C3D4E5F001122334409 /* InstalledApp.swift in Sources */ = {isa = PBXBuildFile; fileRef = 0A1B2C3D4E5F001122334309 /* InstalledApp.swift */; };
		0A1B2C3D4E5F00112233440A /* AppManifest.swift in Sources */ = {isa = PBXBuildFile; fileRef = 0A1B2C3D4E5F00112233430A /* AppManifest.swift */; };
		0A1B2C3D4E5F00112233440B /* AppTemplate.swift in Sources */ = {isa = PBXBuildFile; fileRef = 0A1B2C3D4E5F00112233430B /* AppTemplate.swift */; };
		0A1B2C3D4E5F00112233440C /* TemplateLoader.swift in Sources */ = {isa = PBXBuildFile; fileRef = 0A1B2C3D4E5F00112233430C /* TemplateLoader.swift */; };
		0A1B2C3D4E5F00112233440D /* RuntimeService.swift in Sources */ = {isa = PBXBuildFile; fileRef = 0A1B2C3D4E5F00112233430D /* RuntimeService.swift */; };
		0A1B2C3D4E5F00112233440E /* SQLiteDatabase.swift in Sources */ = {isa = PBXBuildFile; fileRef = 0A1B2C3D4E5F00112233430E /* SQLiteDatabase.swift */; };
		0A1B2C3D4E5F00112233440F /* AppRepository.swift in Sources */ = {isa = PBXBuildFile; fileRef = 0A1B2C3D4E5F00112233430F /* AppRepository.swift */; };
		0A1B2C3D4E5F001122334410 /* SQLiteStorageVerifier.swift in Sources */ = {isa = PBXBuildFile; fileRef = 0A1B2C3D4E5F001122334310 /* SQLiteStorageVerifier.swift */; };
		0A1B2C3D4E5F001122334411 /* postgresql.yaml in Resources */ = {isa = PBXBuildFile; fileRef = 0A1B2C3D4E5F001122334311 /* postgresql.yaml */; };
		0A1B2C3D4E5F001122334412 /* ManifestRenderer.swift in Sources */ = {isa = PBXBuildFile; fileRef = 0A1B2C3D4E5F001122334312 /* ManifestRenderer.swift */; };
		0A1B2C3D4E5F001122334413 /* ManifestRenderingVerifier.swift in Sources */ = {isa = PBXBuildFile; fileRef = 0A1B2C3D4E5F001122334313 /* ManifestRenderingVerifier.swift */; };
		0A1B2C3D4E5F001122334414 /* InstallWizardView.swift in Sources */ = {isa = PBXBuildFile; fileRef = 0A1B2C3D4E5F001122334314 /* InstallWizardView.swift */; };
		0A1B2C3D4E5F001122334415 /* AppDetailView.swift in Sources */ = {isa = PBXBuildFile; fileRef = 0A1B2C3D4E5F001122334315 /* AppDetailView.swift */; };
/* End PBXBuildFile section */

/* Begin PBXFileReference section */
		0A1B2C3D4E5F001122334201 /* Acorn.app */ = {isa = PBXFileReference; explicitFileType = wrapper.application; includeInIndex = 0; path = Acorn.app; sourceTree = BUILT_PRODUCTS_DIR; };
		0A1B2C3D4E5F001122334301 /* AcornApp.swift */ = {isa = PBXFileReference; lastKnownFileType = sourcecode.swift; path = AcornApp.swift; sourceTree = "<group>"; };
		0A1B2C3D4E5F001122334302 /* ContentView.swift */ = {isa = PBXFileReference; lastKnownFileType = sourcecode.swift; path = ContentView.swift; sourceTree = "<group>"; };
		0A1B2C3D4E5F001122334303 /* HomeView.swift */ = {isa = PBXFileReference; lastKnownFileType = sourcecode.swift; path = HomeView.swift; sourceTree = "<group>"; };
		0A1B2C3D4E5F001122334304 /* DiscoverView.swift */ = {isa = PBXFileReference; lastKnownFileType = sourcecode.swift; path = DiscoverView.swift; sourceTree = "<group>"; };
		0A1B2C3D4E5F001122334305 /* SettingsView.swift */ = {isa = PBXFileReference; lastKnownFileType = sourcecode.swift; path = SettingsView.swift; sourceTree = "<group>"; };
		0A1B2C3D4E5F001122334306 /* HeaderView.swift */ = {isa = PBXFileReference; lastKnownFileType = sourcecode.swift; path = HeaderView.swift; sourceTree = "<group>"; };
		0A1B2C3D4E5F001122334307 /* AppModel.swift */ = {isa = PBXFileReference; lastKnownFileType = sourcecode.swift; path = AppModel.swift; sourceTree = "<group>"; };
		0A1B2C3D4E5F001122334308 /* AppStatus.swift */ = {isa = PBXFileReference; lastKnownFileType = sourcecode.swift; path = AppStatus.swift; sourceTree = "<group>"; };
		0A1B2C3D4E5F001122334309 /* InstalledApp.swift */ = {isa = PBXFileReference; lastKnownFileType = sourcecode.swift; path = InstalledApp.swift; sourceTree = "<group>"; };
		0A1B2C3D4E5F00112233430A /* AppManifest.swift */ = {isa = PBXFileReference; lastKnownFileType = sourcecode.swift; path = AppManifest.swift; sourceTree = "<group>"; };
		0A1B2C3D4E5F00112233430B /* AppTemplate.swift */ = {isa = PBXFileReference; lastKnownFileType = sourcecode.swift; path = AppTemplate.swift; sourceTree = "<group>"; };
		0A1B2C3D4E5F00112233430C /* TemplateLoader.swift */ = {isa = PBXFileReference; lastKnownFileType = sourcecode.swift; path = TemplateLoader.swift; sourceTree = "<group>"; };
		0A1B2C3D4E5F00112233430D /* RuntimeService.swift */ = {isa = PBXFileReference; lastKnownFileType = sourcecode.swift; path = RuntimeService.swift; sourceTree = "<group>"; };
		0A1B2C3D4E5F00112233430E /* SQLiteDatabase.swift */ = {isa = PBXFileReference; lastKnownFileType = sourcecode.swift; path = SQLiteDatabase.swift; sourceTree = "<group>"; };
		0A1B2C3D4E5F00112233430F /* AppRepository.swift */ = {isa = PBXFileReference; lastKnownFileType = sourcecode.swift; path = AppRepository.swift; sourceTree = "<group>"; };
		0A1B2C3D4E5F001122334310 /* SQLiteStorageVerifier.swift */ = {isa = PBXFileReference; lastKnownFileType = sourcecode.swift; path = SQLiteStorageVerifier.swift; sourceTree = "<group>"; };
		0A1B2C3D4E5F001122334311 /* postgresql.yaml */ = {isa = PBXFileReference; lastKnownFileType = text.yaml; path = postgresql.yaml; sourceTree = "<group>"; };
		0A1B2C3D4E5F001122334312 /* ManifestRenderer.swift */ = {isa = PBXFileReference; lastKnownFileType = sourcecode.swift; path = ManifestRenderer.swift; sourceTree = "<group>"; };
		0A1B2C3D4E5F001122334313 /* ManifestRenderingVerifier.swift */ = {isa = PBXFileReference; lastKnownFileType = sourcecode.swift; path = ManifestRenderingVerifier.swift; sourceTree = "<group>"; };
		0A1B2C3D4E5F001122334314 /* InstallWizardView.swift */ = {isa = PBXFileReference; lastKnownFileType = sourcecode.swift; path = InstallWizardView.swift; sourceTree = "<group>"; };
		0A1B2C3D4E5F001122334315 /* AppDetailView.swift */ = {isa = PBXFileReference; lastKnownFileType = sourcecode.swift; path = AppDetailView.swift; sourceTree = "<group>"; };
/* End PBXFileReference section */

/* Begin PBXFrameworksBuildPhase section */
		0A1B2C3D4E5F001122334102 /* Frameworks */ = {
			isa = PBXFrameworksBuildPhase;
			buildActionMask = 2147483647;
			files = (
			);
			runOnlyForDeploymentPostprocessing = 0;
		};
/* End PBXFrameworksBuildPhase section */

/* Begin PBXGroup section */
		0A1B2C3D4E5F001122334001 = {
			isa = PBXGroup;
			children = (
				0A1B2C3D4E5F001122334101 /* Acorn */,
				0A1B2C3D4E5F001122334002 /* Products */,
			);
			sourceTree = "<group>";
		};
		0A1B2C3D4E5F001122334002 /* Products */ = {
			isa = PBXGroup;
			children = (
				0A1B2C3D4E5F001122334201 /* Acorn.app */,
			);
			name = Products;
			sourceTree = "<group>";
		};
		0A1B2C3D4E5F001122334101 /* Acorn */ = {
			isa = PBXGroup;
			children = (
				0A1B2C3D4E5F001122334105 /* App */,
				0A1B2C3D4E5F001122334106 /* Core */,
				0A1B2C3D4E5F00112233410B /* Resources */,
				0A1B2C3D4E5F001122334301 /* AcornApp.swift */,
				0A1B2C3D4E5F001122334302 /* ContentView.swift */,
				0A1B2C3D4E5F001122334303 /* HomeView.swift */,
				0A1B2C3D4E5F001122334304 /* DiscoverView.swift */,
				0A1B2C3D4E5F001122334305 /* SettingsView.swift */,
				0A1B2C3D4E5F001122334306 /* HeaderView.swift */,
			);
			path = Acorn;
			sourceTree = "<group>";
		};
		0A1B2C3D4E5F001122334105 /* App */ = {
			isa = PBXGroup;
			children = (
				0A1B2C3D4E5F001122334307 /* AppModel.swift */,
				0A1B2C3D4E5F001122334314 /* InstallWizardView.swift */,
				0A1B2C3D4E5F001122334315 /* AppDetailView.swift */,
			);
			path = App;
			sourceTree = "<group>";
		};
		0A1B2C3D4E5F001122334106 /* Core */ = {
			isa = PBXGroup;
			children = (
				0A1B2C3D4E5F001122334107 /* Models */,
				0A1B2C3D4E5F00112233410D /* Manifests */,
				0A1B2C3D4E5F001122334108 /* Runtime */,
				0A1B2C3D4E5F001122334109 /* Storage */,
				0A1B2C3D4E5F00112233410A /* Templates */,
			);
			path = Core;
			sourceTree = "<group>";
		};
		0A1B2C3D4E5F001122334107 /* Models */ = {
			isa = PBXGroup;
			children = (
				0A1B2C3D4E5F001122334308 /* AppStatus.swift */,
				0A1B2C3D4E5F001122334309 /* InstalledApp.swift */,
				0A1B2C3D4E5F00112233430A /* AppManifest.swift */,
			);
			path = Models;
			sourceTree = "<group>";
		};
		0A1B2C3D4E5F00112233410D /* Manifests */ = {
			isa = PBXGroup;
			children = (
				0A1B2C3D4E5F001122334312 /* ManifestRenderer.swift */,
				0A1B2C3D4E5F001122334313 /* ManifestRenderingVerifier.swift */,
			);
			path = Manifests;
			sourceTree = "<group>";
		};
		0A1B2C3D4E5F001122334108 /* Runtime */ = {
			isa = PBXGroup;
			children = (
				0A1B2C3D4E5F00112233430D /* RuntimeService.swift */,
			);
			path = Runtime;
			sourceTree = "<group>";
		};
		0A1B2C3D4E5F001122334109 /* Storage */ = {
			isa = PBXGroup;
			children = (
				0A1B2C3D4E5F00112233430E /* SQLiteDatabase.swift */,
				0A1B2C3D4E5F00112233430F /* AppRepository.swift */,
				0A1B2C3D4E5F001122334310 /* SQLiteStorageVerifier.swift */,
			);
			path = Storage;
			sourceTree = "<group>";
		};
		0A1B2C3D4E5F00112233410A /* Templates */ = {
			isa = PBXGroup;
			children = (
				0A1B2C3D4E5F00112233430B /* AppTemplate.swift */,
				0A1B2C3D4E5F00112233430C /* TemplateLoader.swift */,
			);
			path = Templates;
			sourceTree = "<group>";
		};
		0A1B2C3D4E5F00112233410B /* Resources */ = {
			isa = PBXGroup;
			children = (
				0A1B2C3D4E5F00112233410C /* Templates */,
			);
			path = Resources;
			sourceTree = "<group>";
		};
		0A1B2C3D4E5F00112233410C /* Templates */ = {
			isa = PBXGroup;
			children = (
				0A1B2C3D4E5F001122334311 /* postgresql.yaml */,
			);
			path = Templates;
			sourceTree = "<group>";
		};
/* End PBXGroup section */

/* Begin PBXNativeTarget section */
		0A1B2C3D4E5F001122334100 /* Acorn */ = {
			isa = PBXNativeTarget;
			buildConfigurationList = 0A1B2C3D4E5F001122334501 /* Build configuration list for PBXNativeTarget "Acorn" */;
			buildPhases = (
				0A1B2C3D4E5F001122334103 /* Sources */,
				0A1B2C3D4E5F001122334102 /* Frameworks */,
				0A1B2C3D4E5F001122334104 /* Resources */,
			);
			buildRules = (
			);
			dependencies = (
			);
			name = Acorn;
			productName = Acorn;
			productReference = 0A1B2C3D4E5F001122334201 /* Acorn.app */;
			productType = "com.apple.product-type.application";
		};
/* End PBXNativeTarget section */

/* Begin PBXProject section */
		0A1B2C3D4E5F001122334000 /* Project object */ = {
			isa = PBXProject;
			attributes = {
				BuildIndependentTargetsInParallel = 1;
				LastSwiftUpdateCheck = 2630;
				LastUpgradeCheck = 2630;
				TargetAttributes = {
					0A1B2C3D4E5F001122334100 = {
						CreatedOnToolsVersion = 26.3;
					};
				};
			};
			buildConfigurationList = 0A1B2C3D4E5F001122334500 /* Build configuration list for PBXProject "Acorn" */;
			compatibilityVersion = "Xcode 14.0";
			developmentRegion = en;
			hasScannedForEncodings = 0;
			knownRegions = (
				en,
				Base,
			);
			mainGroup = 0A1B2C3D4E5F001122334001;
			productRefGroup = 0A1B2C3D4E5F001122334002 /* Products */;
			projectDirPath = "";
			projectRoot = "";
			targets = (
				0A1B2C3D4E5F001122334100 /* Acorn */,
			);
		};
/* End PBXProject section */

/* Begin PBXResourcesBuildPhase section */
		0A1B2C3D4E5F001122334104 /* Resources */ = {
			isa = PBXResourcesBuildPhase;
			buildActionMask = 2147483647;
			files = (
				0A1B2C3D4E5F001122334411 /* postgresql.yaml in Resources */,
			);
			runOnlyForDeploymentPostprocessing = 0;
		};
/* End PBXResourcesBuildPhase section */

/* Begin PBXSourcesBuildPhase section */
		0A1B2C3D4E5F001122334103 /* Sources */ = {
			isa = PBXSourcesBuildPhase;
			buildActionMask = 2147483647;
			files = (
				0A1B2C3D4E5F001122334401 /* AcornApp.swift in Sources */,
				0A1B2C3D4E5F001122334402 /* ContentView.swift in Sources */,
				0A1B2C3D4E5F001122334403 /* HomeView.swift in Sources */,
				0A1B2C3D4E5F001122334404 /* DiscoverView.swift in Sources */,
				0A1B2C3D4E5F001122334405 /* SettingsView.swift in Sources */,
				0A1B2C3D4E5F001122334406 /* HeaderView.swift in Sources */,
				0A1B2C3D4E5F001122334407 /* AppModel.swift in Sources */,
				0A1B2C3D4E5F001122334408 /* AppStatus.swift in Sources */,
				0A1B2C3D4E5F001122334409 /* InstalledApp.swift in Sources */,
				0A1B2C3D4E5F00112233440A /* AppManifest.swift in Sources */,
				0A1B2C3D4E5F00112233440B /* AppTemplate.swift in Sources */,
				0A1B2C3D4E5F00112233440C /* TemplateLoader.swift in Sources */,
				0A1B2C3D4E5F00112233440D /* RuntimeService.swift in Sources */,
				0A1B2C3D4E5F00112233440E /* SQLiteDatabase.swift in Sources */,
				0A1B2C3D4E5F00112233440F /* AppRepository.swift in Sources */,
				0A1B2C3D4E5F001122334410 /* SQLiteStorageVerifier.swift in Sources */,
				0A1B2C3D4E5F001122334412 /* ManifestRenderer.swift in Sources */,
				0A1B2C3D4E5F001122334413 /* ManifestRenderingVerifier.swift in Sources */,
				0A1B2C3D4E5F001122334414 /* InstallWizardView.swift in Sources */,
				0A1B2C3D4E5F001122334415 /* AppDetailView.swift in Sources */,
			);
			runOnlyForDeploymentPostprocessing = 0;
		};
/* End PBXSourcesBuildPhase section */

/* Begin XCBuildConfiguration section */
		0A1B2C3D4E5F001122334601 /* Debug */ = {
			isa = XCBuildConfiguration;
			buildSettings = {
				ALWAYS_SEARCH_USER_PATHS = NO;
				CLANG_ANALYZER_NONNULL = YES;
				CLANG_ANALYZER_NUMBER_OBJECT_CONVERSION = YES_AGGRESSIVE;
				CLANG_CXX_LANGUAGE_STANDARD = "gnu++20";
				CLANG_ENABLE_MODULES = YES;
				CLANG_ENABLE_OBJC_ARC = YES;
				CLANG_ENABLE_OBJC_WEAK = YES;
				CLANG_WARN_BLOCK_CAPTURE_AUTORELEASING = YES;
				CLANG_WARN_BOOL_CONVERSION = YES;
				CLANG_WARN_COMMA = YES;
				CLANG_WARN_CONSTANT_CONVERSION = YES;
				CLANG_WARN_DEPRECATED_OBJC_IMPLEMENTATIONS = YES;
				CLANG_WARN_DIRECT_OBJC_ISA_USAGE = YES_ERROR;
				CLANG_WARN_DOCUMENTATION_COMMENTS = YES;
				CLANG_WARN_EMPTY_BODY = YES;
				CLANG_WARN_ENUM_CONVERSION = YES;
				CLANG_WARN_INFINITE_RECURSION = YES;
				CLANG_WARN_INT_CONVERSION = YES;
				CLANG_WARN_NON_LITERAL_NULL_CONVERSION = YES;
				CLANG_WARN_OBJC_IMPLICIT_RETAIN_SELF = YES;
				CLANG_WARN_OBJC_LITERAL_CONVERSION = YES;
				CLANG_WARN_OBJC_ROOT_CLASS = YES_ERROR;
				CLANG_WARN_QUOTED_INCLUDE_IN_FRAMEWORK_HEADER = YES;
				CLANG_WARN_RANGE_LOOP_ANALYSIS = YES;
				CLANG_WARN_STRICT_PROTOTYPES = YES;
				CLANG_WARN_SUSPICIOUS_MOVE = YES;
				CLANG_WARN_UNGUARDED_AVAILABILITY = YES_AGGRESSIVE;
				CLANG_WARN_UNREACHABLE_CODE = YES;
				CLANG_WARN__DUPLICATE_METHOD_MATCH = YES;
				COPY_PHASE_STRIP = NO;
				DEBUG_INFORMATION_FORMAT = dwarf;
				ENABLE_STRICT_OBJC_MSGSEND = YES;
				ENABLE_TESTABILITY = YES;
				ENABLE_USER_SCRIPT_SANDBOXING = YES;
				GCC_C_LANGUAGE_STANDARD = gnu17;
				GCC_DYNAMIC_NO_PIC = NO;
				GCC_NO_COMMON_BLOCKS = YES;
				GCC_OPTIMIZATION_LEVEL = 0;
				GCC_PREPROCESSOR_DEFINITIONS = (
					"DEBUG=1",
					"$(inherited)",
				);
				GCC_WARN_64_TO_32_BIT_CONVERSION = YES;
				GCC_WARN_ABOUT_RETURN_TYPE = YES_ERROR;
				GCC_WARN_UNDECLARED_SELECTOR = YES;
				GCC_WARN_UNINITIALIZED_AUTOS = YES_AGGRESSIVE;
				GCC_WARN_UNUSED_FUNCTION = YES;
				GCC_WARN_UNUSED_VARIABLE = YES;
				LOCALIZATION_PREFERS_STRING_CATALOGS = YES;
				MACOSX_DEPLOYMENT_TARGET = 14.0;
				MTL_ENABLE_DEBUG_INFO = INCLUDE_SOURCE;
				MTL_FAST_MATH = YES;
				ONLY_ACTIVE_ARCH = YES;
				SDKROOT = macosx;
				SWIFT_ACTIVE_COMPILATION_CONDITIONS = "DEBUG $(inherited)";
				SWIFT_OPTIMIZATION_LEVEL = "-Onone";
			};
			name = Debug;
		};
		0A1B2C3D4E5F001122334602 /* Release */ = {
			isa = XCBuildConfiguration;
			buildSettings = {
				ALWAYS_SEARCH_USER_PATHS = NO;
				CLANG_ANALYZER_NONNULL = YES;
				CLANG_ANALYZER_NUMBER_OBJECT_CONVERSION = YES_AGGRESSIVE;
				CLANG_CXX_LANGUAGE_STANDARD = "gnu++20";
				CLANG_ENABLE_MODULES = YES;
				CLANG_ENABLE_OBJC_ARC = YES;
				CLANG_ENABLE_OBJC_WEAK = YES;
				CLANG_WARN_BLOCK_CAPTURE_AUTORELEASING = YES;
				CLANG_WARN_BOOL_CONVERSION = YES;
				CLANG_WARN_COMMA = YES;
				CLANG_WARN_CONSTANT_CONVERSION = YES;
				CLANG_WARN_DEPRECATED_OBJC_IMPLEMENTATIONS = YES;
				CLANG_WARN_DIRECT_OBJC_ISA_USAGE = YES_ERROR;
				CLANG_WARN_DOCUMENTATION_COMMENTS = YES;
				CLANG_WARN_EMPTY_BODY = YES;
				CLANG_WARN_ENUM_CONVERSION = YES;
				CLANG_WARN_INFINITE_RECURSION = YES;
				CLANG_WARN_INT_CONVERSION = YES;
				CLANG_WARN_NON_LITERAL_NULL_CONVERSION = YES;
				CLANG_WARN_OBJC_IMPLICIT_RETAIN_SELF = YES;
				CLANG_WARN_OBJC_LITERAL_CONVERSION = YES;
				CLANG_WARN_OBJC_ROOT_CLASS = YES_ERROR;
				CLANG_WARN_QUOTED_INCLUDE_IN_FRAMEWORK_HEADER = YES;
				CLANG_WARN_RANGE_LOOP_ANALYSIS = YES;
				CLANG_WARN_STRICT_PROTOTYPES = YES;
				CLANG_WARN_SUSPICIOUS_MOVE = YES;
				CLANG_WARN_UNGUARDED_AVAILABILITY = YES_AGGRESSIVE;
				CLANG_WARN_UNREACHABLE_CODE = YES;
				CLANG_WARN__DUPLICATE_METHOD_MATCH = YES;
				COPY_PHASE_STRIP = NO;
				DEBUG_INFORMATION_FORMAT = "dwarf-with-dsym";
				ENABLE_NS_ASSERTIONS = NO;
				ENABLE_STRICT_OBJC_MSGSEND = YES;
				ENABLE_USER_SCRIPT_SANDBOXING = YES;
				GCC_C_LANGUAGE_STANDARD = gnu17;
				GCC_NO_COMMON_BLOCKS = YES;
				GCC_WARN_64_TO_32_BIT_CONVERSION = YES;
				GCC_WARN_ABOUT_RETURN_TYPE = YES_ERROR;
				GCC_WARN_UNDECLARED_SELECTOR = YES;
				GCC_WARN_UNINITIALIZED_AUTOS = YES_AGGRESSIVE;
				GCC_WARN_UNUSED_FUNCTION = YES;
				GCC_WARN_UNUSED_VARIABLE = YES;
				LOCALIZATION_PREFERS_STRING_CATALOGS = YES;
				MACOSX_DEPLOYMENT_TARGET = 14.0;
				MTL_ENABLE_DEBUG_INFO = NO;
				MTL_FAST_MATH = YES;
				SDKROOT = macosx;
				SWIFT_COMPILATION_MODE = wholemodule;
			};
			name = Release;
		};
		0A1B2C3D4E5F001122334603 /* Debug */ = {
			isa = XCBuildConfiguration;
			buildSettings = {
				CODE_SIGN_IDENTITY = "-";
				CODE_SIGN_STYLE = Manual;
				COMBINE_HIDPI_IMAGES = YES;
				DEVELOPMENT_ASSET_PATHS = "";
				ENABLE_APP_SANDBOX = NO;
				ENABLE_HARDENED_RUNTIME = NO;
				GENERATE_INFOPLIST_FILE = YES;
				INFOPLIST_KEY_CFBundleDisplayName = Acorn;
				INFOPLIST_KEY_LSApplicationCategoryType = "public.app-category.developer-tools";
				LD_RUNPATH_SEARCH_PATHS = (
					"$(inherited)",
					"@executable_path/../Frameworks",
				);
				MACOSX_DEPLOYMENT_TARGET = 14.0;
				MARKETING_VERSION = 0.1.0;
				OTHER_LDFLAGS = "-lsqlite3";
				PRODUCT_BUNDLE_IDENTIFIER = dev.acorn.app;
				PRODUCT_NAME = "$(TARGET_NAME)";
				SWIFT_EMIT_LOC_STRINGS = YES;
				SWIFT_VERSION = 5.0;
			};
			name = Debug;
		};
		0A1B2C3D4E5F001122334604 /* Release */ = {
			isa = XCBuildConfiguration;
			buildSettings = {
				CODE_SIGN_IDENTITY = "-";
				CODE_SIGN_STYLE = Manual;
				COMBINE_HIDPI_IMAGES = YES;
				DEVELOPMENT_ASSET_PATHS = "";
				ENABLE_APP_SANDBOX = NO;
				ENABLE_HARDENED_RUNTIME = NO;
				GENERATE_INFOPLIST_FILE = YES;
				INFOPLIST_KEY_CFBundleDisplayName = Acorn;
				INFOPLIST_KEY_LSApplicationCategoryType = "public.app-category.developer-tools";
				LD_RUNPATH_SEARCH_PATHS = (
					"$(inherited)",
					"@executable_path/../Frameworks",
				);
				MACOSX_DEPLOYMENT_TARGET = 14.0;
				MARKETING_VERSION = 0.1.0;
				OTHER_LDFLAGS = "-lsqlite3";
				PRODUCT_BUNDLE_IDENTIFIER = dev.acorn.app;
				PRODUCT_NAME = "$(TARGET_NAME)";
				SWIFT_EMIT_LOC_STRINGS = YES;
				SWIFT_VERSION = 5.0;
			};
			name = Release;
		};
/* End XCBuildConfiguration section */

/* Begin XCConfigurationList section */
		0A1B2C3D4E5F001122334500 /* Build configuration list for PBXProject "Acorn" */ = {
			isa = XCConfigurationList;
			buildConfigurations = (
				0A1B2C3D4E5F001122334601 /* Debug */,
				0A1B2C3D4E5F001122334602 /* Release */,
			);
			defaultConfigurationIsVisible = 0;
			defaultConfigurationName = Release;
		};
		0A1B2C3D4E5F001122334501 /* Build configuration list for PBXNativeTarget "Acorn" */ = {
			isa = XCConfigurationList;
			buildConfigurations = (
				0A1B2C3D4E5F001122334603 /* Debug */,
				0A1B2C3D4E5F001122334604 /* Release */,
			);
			defaultConfigurationIsVisible = 0;
			defaultConfigurationName = Release;
		};
/* End XCConfigurationList section */
	};
	rootObject = 0A1B2C3D4E5F001122334000 /* Project object */;
}
